
Microsoft Visual Studio Solution File, Format Version 12.00
# Visual Studio 2013
VisualStudioVersion = 12.0.40629.0
MinimumVisualStudioVersion = 10.0.40219.1
Project("{FAE04EC0-301F-11D3-BF4B-00C04F79EFBC}") = "WpfPushNotifications", "WpfPushNotifications\WpfPushNotifications.csproj", "{9E78815A-0B51-4907-A180-E966C2C78038}"
EndProject
Global
	GlobalSection(SolutionConfigurationPlatforms) = preSolution
		Debug|Any CPU = Debug|Any CPU
		Release|Any CPU = Release|Any CPU
	EndGlobalSection
	GlobalSection(ProjectConfigurationPlatforms) = postSolution
		{9E78815A-0B51-4907-A180-E966C2C78038}.Debug|Any CPU.ActiveCfg = Debug|Any CPU
		{9E78815A-0B51-4907-A180-E966C2C78038}.Debug|Any CPU.Build.0 = Debug|Any CPU
		{9E78815A-0B51-4907-A180-E966C2C78038}.Release|Any CPU.ActiveCfg = Debug|Any CPU
		{9E78815A-0B51-4907-A180-E966C2C78038}.Release|Any CPU.Deploy.0 = Debug|Any CPU
	EndGlobalSection
	GlobalSection(SolutionProperties) = preSolution
		HideSolutionNode = FALSE
	EndGlobalSection
EndGlobal
